
Microsoft Visual Studio Solution File, Format Version 12.00
# Visual Studio Version 17
VisualStudioVersion = 17.7.34024.191
MinimumVisualStudioVersion = 10.0.40219.1
Project("{8BC9CEB8-8B4A-11D0-8D11-00A0C91BC942}") = "Lab_05", "Lab_05\Lab_05.vcxproj", "{6D895B3C-BF30-44E4-96DC-E558CC2028B4}"
EndProject
Project("{8BC9CEB8-8B4A-11D0-8D11-00A0C91BC942}") = "Lab_05_1", "Lab_05_1\Lab_05_1.vcxproj", "{03C24563-85F7-43C8-9C83-660CE67A8C61}"
EndProject
Project("{8BC9CEB8-8B4A-11D0-8D11-00A0C91BC942}") = "Lab_05_2", "Lab_05_2\Lab_05_2.vcxproj", "{1EE9CF7C-B993-4101-889B-D91E8AF73392}"
EndProject
Project("{8BC9CEB8-8B4A-11D0-8D11-00A0C91BC942}") = "Lab_05_D_1", "Lab_05_D_1\Lab_05_D_1.vcxproj", "{67E5CA4A-015B-4FCC-8F03-B0AE2B5E3E70}"
EndProject
Project("{8BC9CEB8-8B4A-11D0-8D11-00A0C91BC942}") = "Lab_05_D_2", "Lab_05_D_2\Lab_05_D_2.vcxproj", "{2DB27846-EF9E-4395-9016-36005CF28A3F}"
EndProject
Project("{8BC9CEB8-8B4A-11D0-8D11-00A0C91BC942}") = "Lab_05_D_3", "Lab_05_D_3\Lab_05_D_3.vcxproj", "{0B683904-F062-42A3-A1FD-114F06E48E20}"
EndProject
Project("{8BC9CEB8-8B4A-11D0-8D11-00A0C91BC942}") = "Lab_05_D_4", "Lab_05_D_4\Lab_05_D_4.vcxproj", "{C4DA997C-594E-4EC5-AB05-EF4E1898F189}"
EndProject
Project("{8BC9CEB8-8B4A-11D0-8D11-00A0C91BC942}") = "Lab_05_D_5", "Lab_05_D_5\Lab_05_D_5.vcxproj", "{8BF3BE4E-9DCE-4CB7-9C02-01187E9F5245}"
EndProject
Project("{8BC9CEB8-8B4A-11D0-8D11-00A0C91BC942}") = "Lab_05_D_6", "Lab_05_D_6\Lab_05_D_6.vcxproj", "{3DB7D5B5-FEFA-4031-B16E-E5CDF1E80088}"
EndProject
Global
	GlobalSection(SolutionConfigurationPlatforms) = preSolution
		Debug|x64 = Debug|x64
		Debug|x86 = Debug|x86
		Release|x64 = Release|x64
		Release|x86 = Release|x86
	EndGlobalSection
	GlobalSection(ProjectConfigurationPlatforms) = postSolution
		{6D895B3C-BF30-44E4-96DC-E558CC2028B4}.Debug|x64.ActiveCfg = Debug|x64
		{6D895B3C-BF30-44E4-96DC-E558CC2028B4}.Debug|x64.Build.0 = Debug|x64
		{6D895B3C-BF30-44E4-96DC-E558CC2028B4}.Debug|x86.ActiveCfg = Debug|Win32
		{6D895B3C-BF30-44E4-96DC-E558CC2028B4}.Debug|x86.Build.0 = Debug|Win32
		{6D895B3C-BF30-44E4-96DC-E558CC2028B4}.Release|x64.ActiveCfg = Release|x64
		{6D895B3C-BF30-44E4-96DC-E558CC2028B4}.Release|x64.Build.0 = Release|x64
		{6D895B3C-BF30-44E4-96DC-E558CC2028B4}.Release|x86.ActiveCfg = Release|Win32
		{6D895B3C-BF30-44E4-96DC-E558CC2028B4}.Release|x86.Build.0 = Release|Win32
		{03C24563-85F7-43C8-9C83-660CE67A8C61}.Debug|x64.ActiveCfg = Debug|x64
		{03C24563-85F7-43C8-9C83-660CE67A8C61}.Debug|x64.Build.0 = Debug|x64
		{03C24563-85F7-43C8-9C83-660CE67A8C61}.Debug|x86.ActiveCfg = Debug|Win32
		{03C24563-85F7-43C8-9C83-660CE67A8C61}.Debug|x86.Build.0 = Debug|Win32
		{03C24563-85F7-43C8-9C83-660CE67A8C61}.Release|x64.ActiveCfg = Release|x64
		{03C24563-85F7-43C8-9C83-660CE67A8C61}.Release|x64.Build.0 = Release|x64
		{03C24563-85F7-43C8-9C83-660CE67A8C61}.Release|x86.ActiveCfg = Release|Win32
		{03C24563-85F7-43C8-9C83-660CE67A8C61}.Release|x86.Build.0 = Release|Win32
		{1EE9CF7C-B993-4101-889B-D91E8AF73392}.Debug|x64.ActiveCfg = Debug|x64
		{1EE9CF7C-B993-4101-889B-D91E8AF73392}.Debug|x64.Build.0 = Debug|x64
		{1EE9CF7C-B993-4101-889B-D91E8AF73392}.Debug|x86.ActiveCfg = Debug|Win32
		{1EE9CF7C-B993-4101-889B-D91E8AF73392}.Debug|x86.Build.0 = Debug|Win32
		{1EE9CF7C-B993-4101-889B-D91E8AF73392}.Release|x64.ActiveCfg = Release|x64
		{1EE9CF7C-B993-4101-889B-D91E8AF73392}.Release|x64.Build.0 = Release|x64
		{1EE9CF7C-B993-4101-889B-D91E8AF73392}.Release|x86.ActiveCfg = Release|Win32
		{1EE9CF7C-B993-4101-889B-D91E8AF73392}.Release|x86.Build.0 = Release|Win32
		{67E5CA4A-015B-4FCC-8F03-B0AE2B5E3E70}.Debug|x64.ActiveCfg = Debug|x64
		{67E5CA4A-015B-4FCC-8F03-B0AE2B5E3E70}.Debug|x64.Build.0 = Debug|x64
		{67E5CA4A-015B-4FCC-8F03-B0AE2B5E3E70}.Debug|x86.ActiveCfg = Debug|Win32
		{67E5CA4A-015B-4FCC-8F03-B0AE2B5E3E70}.Debug|x86.Build.0 = Debug|Win32
		{67E5CA4A-015B-4FCC-8F03-B0AE2B5E3E70}.Release|x64.ActiveCfg = Release|x64
		{67E5CA4A-015B-4FCC-8F03-B0AE2B5E3E70}.Release|x64.Build.0 = Release|x64
		{67E5CA4A-015B-4FCC-8F03-B0AE2B5E3E70}.Release|x86.ActiveCfg = Release|Win32
		{67E5CA4A-015B-4FCC-8F03-B0AE2B5E3E70}.Release|x86.Build.0 = Release|Win32
		{2DB27846-EF9E-4395-9016-36005CF28A3F}.Debug|x64.ActiveCfg = Debug|x64
		{2DB27846-EF9E-4395-9016-36005CF28A3F}.Debug|x64.Build.0 = Debug|x64
		{2DB27846-EF9E-4395-9016-36005CF28A3F}.Debug|x86.ActiveCfg = Debug|Win32
		{2DB27846-EF9E-4395-9016-36005CF28A3F}.Debug|x86.Build.0 = Debug|Win32
		{2DB27846-EF9E-4395-9016-36005CF28A3F}.Release|x64.ActiveCfg = Release|x64
		{2DB27846-EF9E-4395-9016-36005CF28A3F}.Release|x64.Build.0 = Release|x64
		{2DB27846-EF9E-4395-9016-36005CF28A3F}.Release|x86.ActiveCfg = Release|Win32
		{2DB27846-EF9E-4395-9016-36005CF28A3F}.Release|x86.Build.0 = Release|Win32
		{0B683904-F062-42A3-A1FD-114F06E48E20}.Debug|x64.ActiveCfg = Debug|x64
		{0B683904-F062-42A3-A1FD-114F06E48E20}.Debug|x64.Build.0 = Debug|x64
		{0B683904-F062-42A3-A1FD-114F06E48E20}.Debug|x86.ActiveCfg = Debug|Win32
		{0B683904-F062-42A3-A1FD-114F06E48E20}.Debug|x86.Build.0 = Debug|Win32
		{0B683904-F062-42A3-A1FD-114F06E48E20}.Release|x64.ActiveCfg = Release|x64
		{0B683904-F062-42A3-A1FD-114F06E48E20}.Release|x64.Build.0 = Release|x64
		{0B683904-F062-42A3-A1FD-114F06E48E20}.Release|x86.ActiveCfg = Release|Win32
		{0B683904-F062-42A3-A1FD-114F06E48E20}.Release|x86.Build.0 = Release|Win32
		{C4DA997C-594E-4EC5-AB05-EF4E1898F189}.Debug|x64.ActiveCfg = Debug|x64
		{C4DA997C-594E-4EC5-AB05-EF4E1898F189}.Debug|x64.Build.0 = Debug|x64
		{C4DA997C-594E-4EC5-AB05-EF4E1898F189}.Debug|x86.ActiveCfg = Debug|Win32
		{C4DA997C-594E-4EC5-AB05-EF4E1898F189}.Debug|x86.Build.0 = Debug|Win32
		{C4DA997C-594E-4EC5-AB05-EF4E1898F189}.Release|x64.ActiveCfg = Release|x64
		{C4DA997C-594E-4EC5-AB05-EF4E1898F189}.Release|x64.Build.0 = Release|x64
		{C4DA997C-594E-4EC5-AB05-EF4E1898F189}.Release|x86.ActiveCfg = Release|Win32
		{C4DA997C-594E-4EC5-AB05-EF4E1898F189}.Release|x86.Build.0 = Release|Win32
		{8BF3BE4E-9DCE-4CB7-9C02-01187E9F5245}.Debug|x64.ActiveCfg = Debug|x64
		{8BF3BE4E-9DCE-4CB7-9C02-01187E9F5245}.Debug|x64.Build.0 = Debug|x64
		{8BF3BE4E-9DCE-4CB7-9C02-01187E9F5245}.Debug|x86.ActiveCfg = Debug|Win32
		{8BF3BE4E-9DCE-4CB7-9C02-01187E9F5245}.Debug|x86.Build.0 = Debug|Win32
		{8BF3BE4E-9DCE-4CB7-9C02-01187E9F5245}.Release|x64.ActiveCfg = Release|x64
		{8BF3BE4E-9DCE-4CB7-9C02-01187E9F5245}.Release|x64.Build.0 = Release|x64
		{8BF3BE4E-9DCE-4CB7-9C02-01187E9F5245}.Release|x86.ActiveCfg = Release|Win32
		{8BF3BE4E-9DCE-4CB7-9C02-01187E9F5245}.Release|x86.Build.0 = Release|Win32
		{3DB7D5B5-FEFA-4031-B16E-E5CDF1E80088}.Debug|x64.ActiveCfg = Debug|x64
		{3DB7D5B5-FEFA-4031-B16E-E5CDF1E80088}.Debug|x64.Build.0 = Debug|x64
		{3DB7D5B5-FEFA-4031-B16E-E5CDF1E80088}.Debug|x86.ActiveCfg = Debug|Win32
		{3DB7D5B5-FEFA-4031-B16E-E5CDF1E80088}.Debug|x86.Build.0 = Debug|Win32
		{3DB7D5B5-FEFA-4031-B16E-E5CDF1E80088}.Release|x64.ActiveCfg = Release|x64
		{3DB7D5B5-FEFA-4031-B16E-E5CDF1E80088}.Release|x64.Build.0 = Release|x64
		{3DB7D5B5-FEFA-4031-B16E-E5CDF1E80088}.Release|x86.ActiveCfg = Release|Win32
		{3DB7D5B5-FEFA-4031-B16E-E5CDF1E80088}.Release|x86.Build.0 = Release|Win32
	EndGlobalSection
	GlobalSection(SolutionProperties) = preSolution
		HideSolutionNode = FALSE
	EndGlobalSection
	GlobalSection(ExtensibilityGlobals) = postSolution
		SolutionGuid = {D3A82228-6722-4504-8DF0-5C4FD24A3379}
	EndGlobalSection
EndGlobal
